{
  "version": "3",
  "packages": {
    "specifiers": {
      "npm:marked-smartypants@1.1.6": "npm:marked-smartypants@1.1.6_marked@12.0.0",
      "npm:smartypants@0.2.2": "npm:smartypants@0.2.2"
    },
    "npm": {
      "marked-smartypants@1.1.6_marked@12.0.0": {
        "integrity": "sha512-38rdxcV3+EHrvoHioSrgBDvOmFb+TNcszZggrl15qe4MEfQxBArfSgsGgFP0YqHlGy8Rgoyi4gN4ThBWzwNJeA==",
        "dependencies": {
          "marked": "marked@12.0.0",
          "smartypants": "smartypants@0.2.2"
        }
      },
      "marked@12.0.0": {
        "integrity": "sha512-Vkwtq9rLqXryZnWaQc86+FHLC6tr/fycMfYAhiOIXkrNmeGAyhSxjqu0Rs1i0bBqw5u0S7+lV9fdH2ZSVaoa0w==",
        "dependencies": {}
      },
      "smartypants@0.2.2": {
        "integrity": "sha512-TzobUYoEft/xBtb2voRPryAUIvYguG0V7Tt3de79I1WfXgCwelqVsGuZSnu3GFGRZhXR90AeEYIM+icuB/S06Q==",
        "dependencies": {}
      }
    }
  },
  "redirects": {
    "https://esm.sh/v135/@types/remove-markdown@~0/index.d.ts": "https://esm.sh/v135/@types/remove-markdown@0.3.4/index.d.ts",
    "https://unpkg.com/highlight.js@11.9.0/es/languages/bash": "https://unpkg.com/highlight.js@11.9.0/es/languages/bash.js",
    "https://unpkg.com/highlight.js@11.9.0/es/languages/c": "https://unpkg.com/highlight.js@11.9.0/es/languages/c.js",
    "https://unpkg.com/highlight.js@11.9.0/es/languages/css": "https://unpkg.com/highlight.js@11.9.0/es/languages/css.js",
    "https://unpkg.com/highlight.js@11.9.0/es/languages/haskell": "https://unpkg.com/highlight.js@11.9.0/es/languages/haskell.js",
    "https://unpkg.com/highlight.js@11.9.0/es/languages/javascript": "https://unpkg.com/highlight.js@11.9.0/es/languages/javascript.js",
    "https://unpkg.com/highlight.js@11.9.0/es/languages/json": "https://unpkg.com/highlight.js@11.9.0/es/languages/json.js",
    "https://unpkg.com/highlight.js@11.9.0/es/languages/markdown": "https://unpkg.com/highlight.js@11.9.0/es/languages/markdown.js",
    "https://unpkg.com/highlight.js@11.9.0/es/languages/sql": "https://unpkg.com/highlight.js@11.9.0/es/languages/sql.js",
    "https://unpkg.com/highlight.js@11.9.0/es/languages/typescript": "https://unpkg.com/highlight.js@11.9.0/es/languages/typescript.js",
    "https://unpkg.com/highlight.js@11.9.0/es/languages/xml": "https://unpkg.com/highlight.js@11.9.0/es/languages/xml.js",
    "https://unpkg.com/highlight.js@11.9.0/es/languages/yaml": "https://unpkg.com/highlight.js@11.9.0/es/languages/yaml.js"
  },
  "remote": {
    "https://cdn.jsdelivr.net/npm/@highlightjs/cdn-assets@11.9.0/es/core.min.js": "9977f355c10aee299435c55e6c495c22e2de75c3972216e56a9a0938fcc635d8",
    "https://cdn.jsdelivr.net/npm/highlight.js@11.9.0/es/languages/bash.js": "b4b6d8c9da1946cf50627e9ad8caa691e10f7ed24754d17201ef998ff73ae7ea",
    "https://cdn.jsdelivr.net/npm/highlight.js@11.9.0/es/languages/c.js": "d52e2fbd4ee836c3fbae1889ccd104a5aed7c60ca4ec108e0ad86b9f79b5dac9",
    "https://cdn.jsdelivr.net/npm/highlight.js@11.9.0/es/languages/css.js": "ae916d0625eb5cce77879bd5e2e4a32b5e735f6a06d3325a7ce59ab41d544f15",
    "https://cdn.jsdelivr.net/npm/highlight.js@11.9.0/es/languages/haskell.js": "b7ca3bc65484de9b549d443df628bfc150df06fc54a2bcae82fbdca786e0b155",
    "https://cdn.jsdelivr.net/npm/highlight.js@11.9.0/es/languages/ini.js": "b01f2f7c70173605b5b70aa564de245d0f77b4f40d942eb526258e68ce8ef7ab",
    "https://cdn.jsdelivr.net/npm/highlight.js@11.9.0/es/languages/javascript.js": "1d3289d5c11b2295ad4dfc428baef31d6874fda5dc3b4cc7c132f38627849427",
    "https://cdn.jsdelivr.net/npm/highlight.js@11.9.0/es/languages/json.js": "956764a89028c8d53b34b0c0b9a41d501f2e4aa934ee5d06c6270586974d78c1",
    "https://cdn.jsdelivr.net/npm/highlight.js@11.9.0/es/languages/makefile.js": "4d7caabc92e4f6cc40e9bfc895c38d6ca274f208bd375687c2c4876f8933427e",
    "https://cdn.jsdelivr.net/npm/highlight.js@11.9.0/es/languages/markdown.js": "5c4ffae363748bfc93c40c47387545a8d99ff208154bbf2be4c3dc8cde55b86f",
    "https://cdn.jsdelivr.net/npm/highlight.js@11.9.0/es/languages/scss.js": "2b68d0b18227ce77d18094e358e3c5c21b5e88d098d6f1f55aa4d2e53fb9eb09",
    "https://cdn.jsdelivr.net/npm/highlight.js@11.9.0/es/languages/sql.js": "b2895e027c7445aabdcf60456dff2ddc5529e385cc80635e15907511d6b41ee1",
    "https://cdn.jsdelivr.net/npm/highlight.js@11.9.0/es/languages/typescript.js": "e48124e6cdcc41f620f8c940df08df786f57646b5054d5b7465ccf3884719ed9",
    "https://cdn.jsdelivr.net/npm/highlight.js@11.9.0/es/languages/xml.js": "6c04e48590d177f27f1a8274b4963b676eb49b6dcb005d68279ce80be086ebdc",
    "https://cdn.jsdelivr.net/npm/highlight.js@11.9.0/es/languages/yaml.js": "33f98af180938f1b517792d9b47cd177aaa3b81ee50f2ef2e9eb566ae93b6fbf",
    "https://deno.land/std@0.142.0/fmt/colors.ts": "30455035d6d728394781c10755351742dd731e3db6771b1843f9b9e490104d37",
    "https://deno.land/std@0.142.0/testing/_diff.ts": "029a00560b0d534bc0046f1bce4bd36b3b41ada3f2a3178c85686eb2ff5f1413",
    "https://deno.land/std@0.142.0/testing/_format.ts": "0d8dc79eab15b67cdc532826213bbe05bccfd276ca473a50a3fc7bbfb7260642",
    "https://deno.land/std@0.142.0/testing/asserts.ts": "319df43e1e6bba2520508f6090a21a9a640cbe2754d255aee17cd1dfa78c2ff6",
    "https://deno.land/std@0.221.0/dotenv/mod.ts": "0180eaeedaaf88647318811cdaa418cc64dc51fb08354f91f5f480d0a1309f7d",
    "https://deno.land/std@0.221.0/dotenv/parse.ts": "09977ff88dfd1f24f9973a338f0f91bbdb9307eb5ff6085446e7c423e4c7ba0c",
    "https://deno.land/std@0.221.0/dotenv/stringify.ts": "0047ad7068289735d08964046aea267a750c141b494ca0e38831b89be6c020c2"
  },
  "workspace": {
    "packageJson": {
      "dependencies": [
        "npm:@cloudflare/workers-types@^4.20240405.0",
        "npm:linkinator@^6.0.4",
        "npm:prettier@^3.2.5",
        "npm:typescript@^5.4.5",
        "npm:wrangler@^3.50.0"
      ]
    }
  }
}
