{
  "version": "3",
  "redirects": {
    "https://unpkg.com/highlight.js@11.9.0/es/languages/bash": "https://unpkg.com/highlight.js@11.9.0/es/languages/bash.js",
    "https://unpkg.com/highlight.js@11.9.0/es/languages/c": "https://unpkg.com/highlight.js@11.9.0/es/languages/c.js",
    "https://unpkg.com/highlight.js@11.9.0/es/languages/css": "https://unpkg.com/highlight.js@11.9.0/es/languages/css.js",
    "https://unpkg.com/highlight.js@11.9.0/es/languages/haskell": "https://unpkg.com/highlight.js@11.9.0/es/languages/haskell.js",
    "https://unpkg.com/highlight.js@11.9.0/es/languages/javascript": "https://unpkg.com/highlight.js@11.9.0/es/languages/javascript.js",
    "https://unpkg.com/highlight.js@11.9.0/es/languages/json": "https://unpkg.com/highlight.js@11.9.0/es/languages/json.js",
    "https://unpkg.com/highlight.js@11.9.0/es/languages/markdown": "https://unpkg.com/highlight.js@11.9.0/es/languages/markdown.js",
    "https://unpkg.com/highlight.js@11.9.0/es/languages/sql": "https://unpkg.com/highlight.js@11.9.0/es/languages/sql.js",
    "https://unpkg.com/highlight.js@11.9.0/es/languages/typescript": "https://unpkg.com/highlight.js@11.9.0/es/languages/typescript.js",
    "https://unpkg.com/highlight.js@11.9.0/es/languages/xml": "https://unpkg.com/highlight.js@11.9.0/es/languages/xml.js",
    "https://unpkg.com/highlight.js@11.9.0/es/languages/yaml": "https://unpkg.com/highlight.js@11.9.0/es/languages/yaml.js"
  },
  "remote": {
    "https://deno.land/std@0.221.0/dotenv/mod.ts": "0180eaeedaaf88647318811cdaa418cc64dc51fb08354f91f5f480d0a1309f7d",
    "https://deno.land/std@0.221.0/dotenv/parse.ts": "09977ff88dfd1f24f9973a338f0f91bbdb9307eb5ff6085446e7c423e4c7ba0c",
    "https://deno.land/std@0.221.0/dotenv/stringify.ts": "0047ad7068289735d08964046aea267a750c141b494ca0e38831b89be6c020c2"
  },
  "workspace": {
    "packageJson": {
      "dependencies": [
        "npm:@cloudflare/workers-types@^4.20240405.0",
        "npm:prettier@^3.2.5",
        "npm:typescript@^5.4.5",
        "npm:wrangler@^3.50.0"
      ]
    }
  }
}
